
Microsoft Visual Studio Solution File, Format Version 12.00
# Visual Studio Version 17
VisualStudioVersion = 17.9.34616.47
MinimumVisualStudioVersion = 10.0.40219.1
Project("{FAE04EC0-301F-11D3-BF4B-00C04F79EFBC}") = "CSharpTest", "CSharpTest\CSharpTest.csproj", "{A1C2C872-8D27-4182-96C8-EE34D0356835}"
EndProject
Global
	GlobalSection(SolutionConfigurationPlatforms) = preSolution
		Debug|Any CPU = Debug|Any CPU
		Release|Any CPU = Release|Any CPU
	EndGlobalSection
	GlobalSection(ProjectConfigurationPlatforms) = postSolution
		{A1C2C872-8D27-4182-96C8-EE34D0356835}.Debug|Any CPU.ActiveCfg = Debug|Any CPU
		{A1C2C872-8D27-4182-96C8-EE34D0356835}.Debug|Any CPU.Build.0 = Debug|Any CPU
		{A1C2C872-8D27-4182-96C8-EE34D0356835}.Release|Any CPU.ActiveCfg = Release|Any CPU
		{A1C2C872-8D27-4182-96C8-EE34D0356835}.Release|Any CPU.Build.0 = Release|Any CPU
	EndGlobalSection
	GlobalSection(SolutionProperties) = preSolution
		HideSolutionNode = FALSE
	EndGlobalSection
	GlobalSection(ExtensibilityGlobals) = postSolution
		SolutionGuid = {CC85437D-59C0-4A57-88AF-DF64FD9DFDF3}
	EndGlobalSection
EndGlobal
